
Microsoft Visual Studio Solution File, Format Version 12.00
# Visual Studio Version 16
VisualStudioVersion = 16.0.31729.503
MinimumVisualStudioVersion = 10.0.40219.1
Project("{9A19103F-16F7-4668-BE54-9A1E7A4F7556}") = "SharesInformationProvider.API", "SharesInformationProvider.API.csproj", "{45D3CF73-0D40-47AC-A707-080E580B0A78}"
EndProject
Project("{9A19103F-16F7-4668-BE54-9A1E7A4F7556}") = "SharesInformationProvider.Core", "..\SharesInformationProvider.Core\SharesInformationProvider.Core.csproj", "{EFD1446A-215A-43F6-90B0-38A25C346D80}"
EndProject
Project("{9A19103F-16F7-4668-BE54-9A1E7A4F7556}") = "SharesInformationProvider.Models", "..\SharesInformationProvider.Models\SharesInformationProvider.Models.csproj", "{154041BA-6F2D-45B6-ADA8-DE1F0B2BEFBB}"
EndProject
Global
	GlobalSection(SolutionConfigurationPlatforms) = preSolution
		Debug|Any CPU = Debug|Any CPU
		Release|Any CPU = Release|Any CPU
	EndGlobalSection
	GlobalSection(ProjectConfigurationPlatforms) = postSolution
		{45D3CF73-0D40-47AC-A707-080E580B0A78}.Debug|Any CPU.ActiveCfg = Debug|Any CPU
		{45D3CF73-0D40-47AC-A707-080E580B0A78}.Debug|Any CPU.Build.0 = Debug|Any CPU
		{45D3CF73-0D40-47AC-A707-080E580B0A78}.Release|Any CPU.ActiveCfg = Release|Any CPU
		{45D3CF73-0D40-47AC-A707-080E580B0A78}.Release|Any CPU.Build.0 = Release|Any CPU
		{EFD1446A-215A-43F6-90B0-38A25C346D80}.Debug|Any CPU.ActiveCfg = Debug|Any CPU
		{EFD1446A-215A-43F6-90B0-38A25C346D80}.Debug|Any CPU.Build.0 = Debug|Any CPU
		{EFD1446A-215A-43F6-90B0-38A25C346D80}.Release|Any CPU.ActiveCfg = Release|Any CPU
		{EFD1446A-215A-43F6-90B0-38A25C346D80}.Release|Any CPU.Build.0 = Release|Any CPU
		{154041BA-6F2D-45B6-ADA8-DE1F0B2BEFBB}.Debug|Any CPU.ActiveCfg = Debug|Any CPU
		{154041BA-6F2D-45B6-ADA8-DE1F0B2BEFBB}.Debug|Any CPU.Build.0 = Debug|Any CPU
		{154041BA-6F2D-45B6-ADA8-DE1F0B2BEFBB}.Release|Any CPU.ActiveCfg = Release|Any CPU
		{154041BA-6F2D-45B6-ADA8-DE1F0B2BEFBB}.Release|Any CPU.Build.0 = Release|Any CPU
	EndGlobalSection
	GlobalSection(SolutionProperties) = preSolution
		HideSolutionNode = FALSE
	EndGlobalSection
	GlobalSection(ExtensibilityGlobals) = postSolution
		SolutionGuid = {C6A3A5B1-F698-4A75-872A-05AC32D6AE5E}
	EndGlobalSection
EndGlobal
